// !$*UTF8*$!
{
	archiveVersion = 1;
	classes = {
	};
	objectVersion = 56;
	objects = {

/* Begin PBXBuildFile section */
		B46318CD2AC1AF76008288CB /* main.swift in Sources */ = {isa = PBXBuildFile; fileRef = B46318CC2AC1AF76008288CB /* main.swift */; };
		B46318D52AC1B118008288CB /* CoreXLSX in Frameworks */ = {isa = PBXBuildFile; productRef = B46318D42AC1B118008288CB /* CoreXLSX */; };
		B46318DA2AC47A0D008288CB /* TimetabledSchool.swift in Sources */ = {isa = PBXBuildFile; fileRef = B46318D92AC47A0D008288CB /* TimetabledSchool.swift */; };
		B46318DD2AC56A2D008288CB /* StringProtocol.swift in Sources */ = {isa = PBXBuildFile; fileRef = B46318DC2AC56A2D008288CB /* StringProtocol.swift */; };
/* End PBXBuildFile section */

/* Begin PBXCopyFilesBuildPhase section */
		B46318C72AC1AF76008288CB /* CopyFiles */ = {
			isa = PBXCopyFilesBuildPhase;
			buildActionMask = 2147483647;
			dstPath = /usr/share/man/man1/;
			dstSubfolderSpec = 0;
			files = (
			);
			runOnlyForDeploymentPostprocessing = 1;
		};
/* End PBXCopyFilesBuildPhase section */

/* Begin PBXFileReference section */
		B42007B02C9DCDCF004486DA /* Classics_M24.xlsx */ = {isa = PBXFileReference; lastKnownFileType = file; path = Classics_M24.xlsx; sourceTree = "<group>"; };
		B45FEA5E2D4B864B002339B4 /* Econ_L25.xlsx */ = {isa = PBXFileReference; lastKnownFileType = file; path = Econ_L25.xlsx; sourceTree = "<group>"; };
		B46318C92AC1AF76008288CB /* TimetableFormatConverter */ = {isa = PBXFileReference; explicitFileType = "compiled.mach-o.executable"; includeInIndex = 0; path = TimetableFormatConverter; sourceTree = BUILT_PRODUCTS_DIR; };
		B46318CC2AC1AF76008288CB /* main.swift */ = {isa = PBXFileReference; lastKnownFileType = sourcecode.swift; path = main.swift; sourceTree = "<group>"; };
		B46318D62AC1B30B008288CB /* JMBFormatTrial.xlsx */ = {isa = PBXFileReference; lastKnownFileType = file; path = JMBFormatTrial.xlsx; sourceTree = "<group>"; };
		B46318D92AC47A0D008288CB /* TimetabledSchool.swift */ = {isa = PBXFileReference; lastKnownFileType = sourcecode.swift; path = TimetabledSchool.swift; sourceTree = "<group>"; };
		B46318DC2AC56A2D008288CB /* StringProtocol.swift */ = {isa = PBXFileReference; lastKnownFileType = sourcecode.swift; path = StringProtocol.swift; sourceTree = "<group>"; };
		B4FE54612C909C2C000033C3 /* CompSci_M24.xlsx */ = {isa = PBXFileReference; lastKnownFileType = file; path = CompSci_M24.xlsx; sourceTree = "<group>"; };
		B4FE54622C93343A000033C3 /* Divinity_M24.xlsx */ = {isa = PBXFileReference; lastKnownFileType = file; path = Divinity_M24.xlsx; sourceTree = "<group>"; };
/* End PBXFileReference section */

/* Begin PBXFrameworksBuildPhase section */
		B46318C62AC1AF76008288CB /* Frameworks */ = {
			isa = PBXFrameworksBuildPhase;
			buildActionMask = 2147483647;
			files = (
				B46318D52AC1B118008288CB /* CoreXLSX in Frameworks */,
			);
			runOnlyForDeploymentPostprocessing = 0;
		};
/* End PBXFrameworksBuildPhase section */

/* Begin PBXGroup section */
		B46318C02AC1AF76008288CB = {
			isa = PBXGroup;
			children = (
				B46318CB2AC1AF76008288CB /* TimetableFormatConverter */,
				B46318CA2AC1AF76008288CB /* Products */,
			);
			sourceTree = "<group>";
		};
		B46318CA2AC1AF76008288CB /* Products */ = {
			isa = PBXGroup;
			children = (
				B46318C92AC1AF76008288CB /* TimetableFormatConverter */,
			);
			name = Products;
			sourceTree = "<group>";
		};
		B46318CB2AC1AF76008288CB /* TimetableFormatConverter */ = {
			isa = PBXGroup;
			children = (
				B4FE54602C909BB7000033C3 /* TimetableData */,
				B46318DB2AC56A1E008288CB /* Extensions */,
				B46318D62AC1B30B008288CB /* JMBFormatTrial.xlsx */,
				B46318CC2AC1AF76008288CB /* main.swift */,
				B46318D92AC47A0D008288CB /* TimetabledSchool.swift */,
			);
			path = TimetableFormatConverter;
			sourceTree = "<group>";
		};
		B46318DB2AC56A1E008288CB /* Extensions */ = {
			isa = PBXGroup;
			children = (
				B46318DC2AC56A2D008288CB /* StringProtocol.swift */,
			);
			path = Extensions;
			sourceTree = "<group>";
		};
		B4FE54602C909BB7000033C3 /* TimetableData */ = {
			isa = PBXGroup;
			children = (
				B42007B02C9DCDCF004486DA /* Classics_M24.xlsx */,
				B4FE54622C93343A000033C3 /* Divinity_M24.xlsx */,
				B4FE54612C909C2C000033C3 /* CompSci_M24.xlsx */,
				B45FEA5E2D4B864B002339B4 /* Econ_L25.xlsx */,
			);
			path = TimetableData;
			sourceTree = "<group>";
		};
/* End PBXGroup section */

/* Begin PBXNativeTarget section */
		B46318C82AC1AF76008288CB /* TimetableFormatConverter */ = {
			isa = PBXNativeTarget;
			buildConfigurationList = B46318D02AC1AF76008288CB /* Build configuration list for PBXNativeTarget "TimetableFormatConverter" */;
			buildPhases = (
				B46318C52AC1AF76008288CB /* Sources */,
				B46318C62AC1AF76008288CB /* Frameworks */,
				B46318C72AC1AF76008288CB /* CopyFiles */,
			);
			buildRules = (
			);
			dependencies = (
			);
			name = TimetableFormatConverter;
			packageProductDependencies = (
				B46318D42AC1B118008288CB /* CoreXLSX */,
			);
			productName = TimetableFormatConverter;
			productReference = B46318C92AC1AF76008288CB /* TimetableFormatConverter */;
			productType = "com.apple.product-type.tool";
		};
/* End PBXNativeTarget section */

/* Begin PBXProject section */
		B46318C12AC1AF76008288CB /* Project object */ = {
			isa = PBXProject;
			attributes = {
				BuildIndependentTargetsInParallel = 1;
				LastSwiftUpdateCheck = 1430;
				LastUpgradeCheck = 1430;
				TargetAttributes = {
					B46318C82AC1AF76008288CB = {
						CreatedOnToolsVersion = 14.3.1;
					};
				};
			};
			buildConfigurationList = B46318C42AC1AF76008288CB /* Build configuration list for PBXProject "TimetableFormatConverter" */;
			compatibilityVersion = "Xcode 14.0";
			developmentRegion = en;
			hasScannedForEncodings = 0;
			knownRegions = (
				en,
				Base,
			);
			mainGroup = B46318C02AC1AF76008288CB;
			packageReferences = (
				B46318D32AC1B118008288CB /* XCRemoteSwiftPackageReference "CoreXLSX" */,
			);
			productRefGroup = B46318CA2AC1AF76008288CB /* Products */;
			projectDirPath = "";
			projectRoot = "";
			targets = (
				B46318C82AC1AF76008288CB /* TimetableFormatConverter */,
			);
		};
/* End PBXProject section */

/* Begin PBXSourcesBuildPhase section */
		B46318C52AC1AF76008288CB /* Sources */ = {
			isa = PBXSourcesBuildPhase;
			buildActionMask = 2147483647;
			files = (
				B46318DA2AC47A0D008288CB /* TimetabledSchool.swift in Sources */,
				B46318CD2AC1AF76008288CB /* main.swift in Sources */,
				B46318DD2AC56A2D008288CB /* StringProtocol.swift in Sources */,
			);
			runOnlyForDeploymentPostprocessing = 0;
		};
/* End PBXSourcesBuildPhase section */

/* Begin XCBuildConfiguration section */
		B46318CE2AC1AF76008288CB /* Debug */ = {
			isa = XCBuildConfiguration;
			buildSettings = {
				ALWAYS_SEARCH_USER_PATHS = NO;
				CLANG_ANALYZER_NONNULL = YES;
				CLANG_ANALYZER_NUMBER_OBJECT_CONVERSION = YES_AGGRESSIVE;
				CLANG_CXX_LANGUAGE_STANDARD = "gnu++20";
				CLANG_ENABLE_MODULES = YES;
				CLANG_ENABLE_OBJC_ARC = YES;
				CLANG_ENABLE_OBJC_WEAK = YES;
				CLANG_WARN_BLOCK_CAPTURE_AUTORELEASING = YES;
				CLANG_WARN_BOOL_CONVERSION = YES;
				CLANG_WARN_COMMA = YES;
				CLANG_WARN_CONSTANT_CONVERSION = YES;
				CLANG_WARN_DEPRECATED_OBJC_IMPLEMENTATIONS = YES;
				CLANG_WARN_DIRECT_OBJC_ISA_USAGE = YES_ERROR;
				CLANG_WARN_DOCUMENTATION_COMMENTS = YES;
				CLANG_WARN_EMPTY_BODY = YES;
				CLANG_WARN_ENUM_CONVERSION = YES;
				CLANG_WARN_INFINITE_RECURSION = YES;
				CLANG_WARN_INT_CONVERSION = YES;
				CLANG_WARN_NON_LITERAL_NULL_CONVERSION = YES;
				CLANG_WARN_OBJC_IMPLICIT_RETAIN_SELF = YES;
				CLANG_WARN_OBJC_LITERAL_CONVERSION = YES;
				CLANG_WARN_OBJC_ROOT_CLASS = YES_ERROR;
				CLANG_WARN_QUOTED_INCLUDE_IN_FRAMEWORK_HEADER = YES;
				CLANG_WARN_RANGE_LOOP_ANALYSIS = YES;
				CLANG_WARN_STRICT_PROTOTYPES = YES;
				CLANG_WARN_SUSPICIOUS_MOVE = YES;
				CLANG_WARN_UNGUARDED_AVAILABILITY = YES_AGGRESSIVE;
				CLANG_WARN_UNREACHABLE_CODE = YES;
				CLANG_WARN__DUPLICATE_METHOD_MATCH = YES;
				COPY_PHASE_STRIP = NO;
				DEBUG_INFORMATION_FORMAT = dwarf;
				ENABLE_STRICT_OBJC_MSGSEND = YES;
				ENABLE_TESTABILITY = YES;
				GCC_C_LANGUAGE_STANDARD = gnu11;
				GCC_DYNAMIC_NO_PIC = NO;
				GCC_NO_COMMON_BLOCKS = YES;
				GCC_OPTIMIZATION_LEVEL = 0;
				GCC_PREPROCESSOR_DEFINITIONS = (
					"DEBUG=1",
					"$(inherited)",
				);
				GCC_WARN_64_TO_32_BIT_CONVERSION = YES;
				GCC_WARN_ABOUT_RETURN_TYPE = YES_ERROR;
				GCC_WARN_UNDECLARED_SELECTOR = YES;
				GCC_WARN_UNINITIALIZED_AUTOS = YES_AGGRESSIVE;
				GCC_WARN_UNUSED_FUNCTION = YES;
				GCC_WARN_UNUSED_VARIABLE = YES;
				MACOSX_DEPLOYMENT_TARGET = 13.2;
				MTL_ENABLE_DEBUG_INFO = INCLUDE_SOURCE;
				MTL_FAST_MATH = YES;
				ONLY_ACTIVE_ARCH = YES;
				SDKROOT = macosx;
				SWIFT_ACTIVE_COMPILATION_CONDITIONS = DEBUG;
				SWIFT_OPTIMIZATION_LEVEL = "-Onone";
			};
			name = Debug;
		};
		B46318CF2AC1AF76008288CB /* Release */ = {
			isa = XCBuildConfiguration;
			buildSettings = {
				ALWAYS_SEARCH_USER_PATHS = NO;
				CLANG_ANALYZER_NONNULL = YES;
				CLANG_ANALYZER_NUMBER_OBJECT_CONVERSION = YES_AGGRESSIVE;
				CLANG_CXX_LANGUAGE_STANDARD = "gnu++20";
				CLANG_ENABLE_MODULES = YES;
				CLANG_ENABLE_OBJC_ARC = YES;
				CLANG_ENABLE_OBJC_WEAK = YES;
				CLANG_WARN_BLOCK_CAPTURE_AUTORELEASING = YES;
				CLANG_WARN_BOOL_CONVERSION = YES;
				CLANG_WARN_COMMA = YES;
				CLANG_WARN_CONSTANT_CONVERSION = YES;
				CLANG_WARN_DEPRECATED_OBJC_IMPLEMENTATIONS = YES;
				CLANG_WARN_DIRECT_OBJC_ISA_USAGE = YES_ERROR;
				CLANG_WARN_DOCUMENTATION_COMMENTS = YES;
				CLANG_WARN_EMPTY_BODY = YES;
				CLANG_WARN_ENUM_CONVERSION = YES;
				CLANG_WARN_INFINITE_RECURSION = YES;
				CLANG_WARN_INT_CONVERSION = YES;
				CLANG_WARN_NON_LITERAL_NULL_CONVERSION = YES;
				CLANG_WARN_OBJC_IMPLICIT_RETAIN_SELF = YES;
				CLANG_WARN_OBJC_LITERAL_CONVERSION = YES;
				CLANG_WARN_OBJC_ROOT_CLASS = YES_ERROR;
				CLANG_WARN_QUOTED_INCLUDE_IN_FRAMEWORK_HEADER = YES;
				CLANG_WARN_RANGE_LOOP_ANALYSIS = YES;
				CLANG_WARN_STRICT_PROTOTYPES = YES;
				CLANG_WARN_SUSPICIOUS_MOVE = YES;
				CLANG_WARN_UNGUARDED_AVAILABILITY = YES_AGGRESSIVE;
				CLANG_WARN_UNREACHABLE_CODE = YES;
				CLANG_WARN__DUPLICATE_METHOD_MATCH = YES;
				COPY_PHASE_STRIP = NO;
				DEBUG_INFORMATION_FORMAT = "dwarf-with-dsym";
				ENABLE_NS_ASSERTIONS = NO;
				ENABLE_STRICT_OBJC_MSGSEND = YES;
				GCC_C_LANGUAGE_STANDARD = gnu11;
				GCC_NO_COMMON_BLOCKS = YES;
				GCC_WARN_64_TO_32_BIT_CONVERSION = YES;
				GCC_WARN_ABOUT_RETURN_TYPE = YES_ERROR;
				GCC_WARN_UNDECLARED_SELECTOR = YES;
				GCC_WARN_UNINITIALIZED_AUTOS = YES_AGGRESSIVE;
				GCC_WARN_UNUSED_FUNCTION = YES;
				GCC_WARN_UNUSED_VARIABLE = YES;
				MACOSX_DEPLOYMENT_TARGET = 13.2;
				MTL_ENABLE_DEBUG_INFO = NO;
				MTL_FAST_MATH = YES;
				SDKROOT = macosx;
				SWIFT_COMPILATION_MODE = wholemodule;
				SWIFT_OPTIMIZATION_LEVEL = "-O";
			};
			name = Release;
		};
		B46318D12AC1AF76008288CB /* Debug */ = {
			isa = XCBuildConfiguration;
			buildSettings = {
				CODE_SIGN_STYLE = Automatic;
				DEVELOPMENT_TEAM = L3SD6D89SC;
				ENABLE_HARDENED_RUNTIME = YES;
				PRODUCT_NAME = "$(TARGET_NAME)";
				SWIFT_VERSION = 5.0;
			};
			name = Debug;
		};
		B46318D22AC1AF76008288CB /* Release */ = {
			isa = XCBuildConfiguration;
			buildSettings = {
				CODE_SIGN_STYLE = Automatic;
				DEVELOPMENT_TEAM = L3SD6D89SC;
				ENABLE_HARDENED_RUNTIME = YES;
				PRODUCT_NAME = "$(TARGET_NAME)";
				SWIFT_VERSION = 5.0;
			};
			name = Release;
		};
/* End XCBuildConfiguration section */

/* Begin XCConfigurationList section */
		B46318C42AC1AF76008288CB /* Build configuration list for PBXProject "TimetableFormatConverter" */ = {
			isa = XCConfigurationList;
			buildConfigurations = (
				B46318CE2AC1AF76008288CB /* Debug */,
				B46318CF2AC1AF76008288CB /* Release */,
			);
			defaultConfigurationIsVisible = 0;
			defaultConfigurationName = Release;
		};
		B46318D02AC1AF76008288CB /* Build configuration list for PBXNativeTarget "TimetableFormatConverter" */ = {
			isa = XCConfigurationList;
			buildConfigurations = (
				B46318D12AC1AF76008288CB /* Debug */,
				B46318D22AC1AF76008288CB /* Release */,
			);
			defaultConfigurationIsVisible = 0;
			defaultConfigurationName = Release;
		};
/* End XCConfigurationList section */

/* Begin XCRemoteSwiftPackageReference section */
		B46318D32AC1B118008288CB /* XCRemoteSwiftPackageReference "CoreXLSX" */ = {
			isa = XCRemoteSwiftPackageReference;
			repositoryURL = "https://github.com/CoreOffice/CoreXLSX.git";
			requirement = {
				kind = upToNextMajorVersion;
				minimumVersion = 0.14.2;
			};
		};
/* End XCRemoteSwiftPackageReference section */

/* Begin XCSwiftPackageProductDependency section */
		B46318D42AC1B118008288CB /* CoreXLSX */ = {
			isa = XCSwiftPackageProductDependency;
			package = B46318D32AC1B118008288CB /* XCRemoteSwiftPackageReference "CoreXLSX" */;
			productName = CoreXLSX;
		};
/* End XCSwiftPackageProductDependency section */
	};
	rootObject = B46318C12AC1AF76008288CB /* Project object */;
}
